
Microsoft Visual Studio Solution File, Format Version 12.00
# Visual Studio Version 17
VisualStudioVersion = 17.9.34902.65
MinimumVisualStudioVersion = 10.0.40219.1
Project("{8BC9CEB8-8B4A-11D0-8D11-00A0C91BC942}") = "text_5_18", "text_5_18.vcxproj", "{2AB323B4-C742-4F84-8223-688C4CC64DA9}"
EndProject
Global
	GlobalSection(SolutionConfigurationPlatforms) = preSolution
		Debug|x64 = Debug|x64
		Debug|x86 = Debug|x86
		Release|x64 = Release|x64
		Release|x86 = Release|x86
	EndGlobalSection
	GlobalSection(ProjectConfigurationPlatforms) = postSolution
		{2AB323B4-C742-4F84-8223-688C4CC64DA9}.Debug|x64.ActiveCfg = Debug|x64
		{2AB323B4-C742-4F84-8223-688C4CC64DA9}.Debug|x64.Build.0 = Debug|x64
		{2AB323B4-C742-4F84-8223-688C4CC64DA9}.Debug|x86.ActiveCfg = Debug|Win32
		{2AB323B4-C742-4F84-8223-688C4CC64DA9}.Debug|x86.Build.0 = Debug|Win32
		{2AB323B4-C742-4F84-8223-688C4CC64DA9}.Release|x64.ActiveCfg = Release|x64
		{2AB323B4-C742-4F84-8223-688C4CC64DA9}.Release|x64.Build.0 = Release|x64
		{2AB323B4-C742-4F84-8223-688C4CC64DA9}.Release|x86.ActiveCfg = Release|Win32
		{2AB323B4-C742-4F84-8223-688C4CC64DA9}.Release|x86.Build.0 = Release|Win32
	EndGlobalSection
	GlobalSection(SolutionProperties) = preSolution
		HideSolutionNode = FALSE
	EndGlobalSection
	GlobalSection(ExtensibilityGlobals) = postSolution
		SolutionGuid = {148F8C82-FBD9-40B4-A461-CE7D352872C0}
	EndGlobalSection
EndGlobal
