
Microsoft Visual Studio Solution File, Format Version 12.00
# Visual Studio Version 17
VisualStudioVersion = 17.9.34723.18
MinimumVisualStudioVersion = 10.0.40219.1
Project("{FAE04EC0-301F-11D3-BF4B-00C04F79EFBC}") = "WpfApp5", "WpfApp5\WpfApp5.csproj", "{F67D0E87-FAA9-41CA-AF9E-E3D1B5C1C4B3}"
EndProject
Global
	GlobalSection(SolutionConfigurationPlatforms) = preSolution
		Debug|Any CPU = Debug|Any CPU
		Release|Any CPU = Release|Any CPU
	EndGlobalSection
	GlobalSection(ProjectConfigurationPlatforms) = postSolution
		{F67D0E87-FAA9-41CA-AF9E-E3D1B5C1C4B3}.Debug|Any CPU.ActiveCfg = Debug|Any CPU
		{F67D0E87-FAA9-41CA-AF9E-E3D1B5C1C4B3}.Debug|Any CPU.Build.0 = Debug|Any CPU
		{F67D0E87-FAA9-41CA-AF9E-E3D1B5C1C4B3}.Release|Any CPU.ActiveCfg = Release|Any CPU
		{F67D0E87-FAA9-41CA-AF9E-E3D1B5C1C4B3}.Release|Any CPU.Build.0 = Release|Any CPU
	EndGlobalSection
	GlobalSection(SolutionProperties) = preSolution
		HideSolutionNode = FALSE
	EndGlobalSection
	GlobalSection(ExtensibilityGlobals) = postSolution
		SolutionGuid = {727CDEEB-CE8E-4F1B-A69C-5702C336FA7A}
	EndGlobalSection
EndGlobal
