
Microsoft Visual Studio Solution File, Format Version 12.00
# Visual Studio Version 17
VisualStudioVersion = 17.9.34622.214
MinimumVisualStudioVersion = 10.0.40219.1
Project("{FAE04EC0-301F-11D3-BF4B-00C04F79EFBC}") = "WpfApp1", "WpfApp1\WpfApp1.csproj", "{1DBBA1FD-8114-40AC-8146-9B01D2A41E4A}"
EndProject
Global
	GlobalSection(SolutionConfigurationPlatforms) = preSolution
		Debug|Any CPU = Debug|Any CPU
		Release|Any CPU = Release|Any CPU
	EndGlobalSection
	GlobalSection(ProjectConfigurationPlatforms) = postSolution
		{1DBBA1FD-8114-40AC-8146-9B01D2A41E4A}.Debug|Any CPU.ActiveCfg = Debug|Any CPU
		{1DBBA1FD-8114-40AC-8146-9B01D2A41E4A}.Debug|Any CPU.Build.0 = Debug|Any CPU
		{1DBBA1FD-8114-40AC-8146-9B01D2A41E4A}.Release|Any CPU.ActiveCfg = Release|Any CPU
		{1DBBA1FD-8114-40AC-8146-9B01D2A41E4A}.Release|Any CPU.Build.0 = Release|Any CPU
	EndGlobalSection
	GlobalSection(SolutionProperties) = preSolution
		HideSolutionNode = FALSE
	EndGlobalSection
	GlobalSection(ExtensibilityGlobals) = postSolution
		SolutionGuid = {68999EF2-8648-4B6F-A5BA-FB82A9916C71}
	EndGlobalSection
EndGlobal
