
Microsoft Visual Studio Solution File, Format Version 12.00
# Visual Studio Version 17
VisualStudioVersion = 17.9.34902.65
MinimumVisualStudioVersion = 10.0.40219.1
Project("{8BC9CEB8-8B4A-11D0-8D11-00A0C91BC942}") = "plantvszombine", "plantvszombine.vcxproj", "{CF23786B-4334-4863-BB98-6B64A58C19C0}"
EndProject
Global
	GlobalSection(SolutionConfigurationPlatforms) = preSolution
		Debug|x64 = Debug|x64
		Debug|x86 = Debug|x86
		Release|x64 = Release|x64
		Release|x86 = Release|x86
	EndGlobalSection
	GlobalSection(ProjectConfigurationPlatforms) = postSolution
		{CF23786B-4334-4863-BB98-6B64A58C19C0}.Debug|x64.ActiveCfg = Debug|x64
		{CF23786B-4334-4863-BB98-6B64A58C19C0}.Debug|x64.Build.0 = Debug|x64
		{CF23786B-4334-4863-BB98-6B64A58C19C0}.Debug|x86.ActiveCfg = Debug|Win32
		{CF23786B-4334-4863-BB98-6B64A58C19C0}.Debug|x86.Build.0 = Debug|Win32
		{CF23786B-4334-4863-BB98-6B64A58C19C0}.Release|x64.ActiveCfg = Release|x64
		{CF23786B-4334-4863-BB98-6B64A58C19C0}.Release|x64.Build.0 = Release|x64
		{CF23786B-4334-4863-BB98-6B64A58C19C0}.Release|x86.ActiveCfg = Release|Win32
		{CF23786B-4334-4863-BB98-6B64A58C19C0}.Release|x86.Build.0 = Release|Win32
	EndGlobalSection
	GlobalSection(SolutionProperties) = preSolution
		HideSolutionNode = FALSE
	EndGlobalSection
	GlobalSection(ExtensibilityGlobals) = postSolution
		SolutionGuid = {6F8685AA-1D66-4409-A19B-A0112DDA75F4}
	EndGlobalSection
EndGlobal
